
Microsoft Visual Studio Solution File, Format Version 12.00
# Visual Studio 14
VisualStudioVersion = 14.0.23107.0
MinimumVisualStudioVersion = 10.0.40219.1
Project("{FAE04EC0-301F-11D3-BF4B-00C04F79EFBC}") = "Data Grid Viwe", "Data Grid Viwe\Data Grid Viwe.csproj", "{1A91A6B7-2C39-4D0A-A40D-A13C37984C9B}"
EndProject
Global
	GlobalSection(SolutionConfigurationPlatforms) = preSolution
		Debug|Any CPU = Debug|Any CPU
		Release|Any CPU = Release|Any CPU
	EndGlobalSection
	GlobalSection(ProjectConfigurationPlatforms) = postSolution
		{1A91A6B7-2C39-4D0A-A40D-A13C37984C9B}.Debug|Any CPU.ActiveCfg = Debug|Any CPU
		{1A91A6B7-2C39-4D0A-A40D-A13C37984C9B}.Debug|Any CPU.Build.0 = Debug|Any CPU
		{1A91A6B7-2C39-4D0A-A40D-A13C37984C9B}.Release|Any CPU.ActiveCfg = Release|Any CPU
		{1A91A6B7-2C39-4D0A-A40D-A13C37984C9B}.Release|Any CPU.Build.0 = Release|Any CPU
	EndGlobalSection
	GlobalSection(SolutionProperties) = preSolution
		HideSolutionNode = FALSE
	EndGlobalSection
EndGlobal
