
Microsoft Visual Studio Solution File, Format Version 12.00
# Visual Studio 14
VisualStudioVersion = 14.0.23107.0
MinimumVisualStudioVersion = 10.0.40219.1
Project("{FAE04EC0-301F-11D3-BF4B-00C04F79EFBC}") = "Sql Coniction", "Sql Coniction\Sql Coniction.csproj", "{B2446A2F-F6D7-4251-930D-15AE7729A091}"
EndProject
Global
	GlobalSection(SolutionConfigurationPlatforms) = preSolution
		Debug|Any CPU = Debug|Any CPU
		Release|Any CPU = Release|Any CPU
	EndGlobalSection
	GlobalSection(ProjectConfigurationPlatforms) = postSolution
		{B2446A2F-F6D7-4251-930D-15AE7729A091}.Debug|Any CPU.ActiveCfg = Debug|Any CPU
		{B2446A2F-F6D7-4251-930D-15AE7729A091}.Debug|Any CPU.Build.0 = Debug|Any CPU
		{B2446A2F-F6D7-4251-930D-15AE7729A091}.Release|Any CPU.ActiveCfg = Release|Any CPU
		{B2446A2F-F6D7-4251-930D-15AE7729A091}.Release|Any CPU.Build.0 = Release|Any CPU
	EndGlobalSection
	GlobalSection(SolutionProperties) = preSolution
		HideSolutionNode = FALSE
	EndGlobalSection
EndGlobal
